// !$*UTF8*$!
{
	archiveVersion = 1;
	classes = {
	};
	objectVersion = 50;
	objects = {

/* Begin PBXBuildFile section */
		B961626624C7836900C51F36 /* TreeApp.swift in Sources */ = {isa = PBXBuildFile; fileRef = B961625324C7836800C51F36 /* TreeApp.swift */; };
		B961626724C7836900C51F36 /* TreeApp.swift in Sources */ = {isa = PBXBuildFile; fileRef = B961625324C7836800C51F36 /* TreeApp.swift */; };
		B961626A24C7836900C51F36 /* Assets.xcassets in Resources */ = {isa = PBXBuildFile; fileRef = B961625524C7836900C51F36 /* Assets.xcassets */; };
		B961626B24C7836900C51F36 /* Assets.xcassets in Resources */ = {isa = PBXBuildFile; fileRef = B961625524C7836900C51F36 /* Assets.xcassets */; };
		B961627524C7837A00C51F36 /* Item.swift in Sources */ = {isa = PBXBuildFile; fileRef = B961627424C7837A00C51F36 /* Item.swift */; };
		B961627624C7837A00C51F36 /* Item.swift in Sources */ = {isa = PBXBuildFile; fileRef = B961627424C7837A00C51F36 /* Item.swift */; };
		B961627A24C78F9700C51F36 /* NavigationPrimary.swift in Sources */ = {isa = PBXBuildFile; fileRef = B961627924C78F9700C51F36 /* NavigationPrimary.swift */; };
		B961627B24C78F9700C51F36 /* NavigationPrimary.swift in Sources */ = {isa = PBXBuildFile; fileRef = B961627924C78F9700C51F36 /* NavigationPrimary.swift */; };
		B961627D24C7903100C51F36 /* NavigationDetail.swift in Sources */ = {isa = PBXBuildFile; fileRef = B961627C24C7903100C51F36 /* NavigationDetail.swift */; };
		B961627E24C7903100C51F36 /* NavigationDetail.swift in Sources */ = {isa = PBXBuildFile; fileRef = B961627C24C7903100C51F36 /* NavigationDetail.swift */; };
		B961628024C791D200C51F36 /* ItemStore.swift in Sources */ = {isa = PBXBuildFile; fileRef = B961627F24C791D200C51F36 /* ItemStore.swift */; };
		B961628124C791D200C51F36 /* ItemStore.swift in Sources */ = {isa = PBXBuildFile; fileRef = B961627F24C791D200C51F36 /* ItemStore.swift */; };
/* End PBXBuildFile section */

/* Begin PBXFileReference section */
		B961625324C7836800C51F36 /* TreeApp.swift */ = {isa = PBXFileReference; lastKnownFileType = sourcecode.swift; path = TreeApp.swift; sourceTree = "<group>"; };
		B961625524C7836900C51F36 /* Assets.xcassets */ = {isa = PBXFileReference; lastKnownFileType = folder.assetcatalog; path = Assets.xcassets; sourceTree = "<group>"; };
		B961625A24C7836900C51F36 /* Tree.app */ = {isa = PBXFileReference; explicitFileType = wrapper.application; includeInIndex = 0; path = Tree.app; sourceTree = BUILT_PRODUCTS_DIR; };
		B961625D24C7836900C51F36 /* Info.plist */ = {isa = PBXFileReference; lastKnownFileType = text.plist.xml; path = Info.plist; sourceTree = "<group>"; };
		B961626224C7836900C51F36 /* Tree.app */ = {isa = PBXFileReference; explicitFileType = wrapper.application; includeInIndex = 0; path = Tree.app; sourceTree = BUILT_PRODUCTS_DIR; };
		B961626424C7836900C51F36 /* Info.plist */ = {isa = PBXFileReference; lastKnownFileType = text.plist.xml; path = Info.plist; sourceTree = "<group>"; };
		B961626524C7836900C51F36 /* macOS.entitlements */ = {isa = PBXFileReference; lastKnownFileType = text.plist.entitlements; path = macOS.entitlements; sourceTree = "<group>"; };
		B961627424C7837A00C51F36 /* Item.swift */ = {isa = PBXFileReference; lastKnownFileType = sourcecode.swift; path = Item.swift; sourceTree = "<group>"; };
		B961627924C78F9700C51F36 /* NavigationPrimary.swift */ = {isa = PBXFileReference; lastKnownFileType = sourcecode.swift; path = NavigationPrimary.swift; sourceTree = "<group>"; };
		B961627C24C7903100C51F36 /* NavigationDetail.swift */ = {isa = PBXFileReference; lastKnownFileType = sourcecode.swift; path = NavigationDetail.swift; sourceTree = "<group>"; };
		B961627F24C791D200C51F36 /* ItemStore.swift */ = {isa = PBXFileReference; lastKnownFileType = sourcecode.swift; path = ItemStore.swift; sourceTree = "<group>"; };
		B961628224C79D7200C51F36 /* README.md */ = {isa = PBXFileReference; lastKnownFileType = net.daringfireball.markdown; path = README.md; sourceTree = "<group>"; };
		B961628524C79E8300C51F36 /* iPhone.png */ = {isa = PBXFileReference; lastKnownFileType = image.png; path = iPhone.png; sourceTree = "<group>"; };
		B961628624C79E8300C51F36 /* macOS.png */ = {isa = PBXFileReference; lastKnownFileType = image.png; path = macOS.png; sourceTree = "<group>"; };
/* End PBXFileReference section */

/* Begin PBXFrameworksBuildPhase section */
		B961625724C7836900C51F36 /* Frameworks */ = {
			isa = PBXFrameworksBuildPhase;
			buildActionMask = 2147483647;
			files = (
			);
			runOnlyForDeploymentPostprocessing = 0;
		};
		B961625F24C7836900C51F36 /* Frameworks */ = {
			isa = PBXFrameworksBuildPhase;
			buildActionMask = 2147483647;
			files = (
			);
			runOnlyForDeploymentPostprocessing = 0;
		};
/* End PBXFrameworksBuildPhase section */

/* Begin PBXGroup section */
		B961624D24C7836800C51F36 = {
			isa = PBXGroup;
			children = (
				B961628524C79E8300C51F36 /* iPhone.png */,
				B961628624C79E8300C51F36 /* macOS.png */,
				B961628224C79D7200C51F36 /* README.md */,
				B961625224C7836800C51F36 /* Shared */,
				B961625C24C7836900C51F36 /* iOS */,
				B961626324C7836900C51F36 /* macOS */,
				B961625B24C7836900C51F36 /* Products */,
			);
			sourceTree = "<group>";
		};
		B961625224C7836800C51F36 /* Shared */ = {
			isa = PBXGroup;
			children = (
				B961625324C7836800C51F36 /* TreeApp.swift */,
				B961625524C7836900C51F36 /* Assets.xcassets */,
				B961627724C78F7900C51F36 /* Models */,
				B961627824C78F7F00C51F36 /* Views */,
			);
			path = Shared;
			sourceTree = "<group>";
		};
		B961625B24C7836900C51F36 /* Products */ = {
			isa = PBXGroup;
			children = (
				B961625A24C7836900C51F36 /* Tree.app */,
				B961626224C7836900C51F36 /* Tree.app */,
			);
			name = Products;
			sourceTree = "<group>";
		};
		B961625C24C7836900C51F36 /* iOS */ = {
			isa = PBXGroup;
			children = (
				B961625D24C7836900C51F36 /* Info.plist */,
			);
			path = iOS;
			sourceTree = "<group>";
		};
		B961626324C7836900C51F36 /* macOS */ = {
			isa = PBXGroup;
			children = (
				B961626424C7836900C51F36 /* Info.plist */,
				B961626524C7836900C51F36 /* macOS.entitlements */,
			);
			path = macOS;
			sourceTree = "<group>";
		};
		B961627724C78F7900C51F36 /* Models */ = {
			isa = PBXGroup;
			children = (
				B961627424C7837A00C51F36 /* Item.swift */,
				B961627F24C791D200C51F36 /* ItemStore.swift */,
			);
			path = Models;
			sourceTree = "<group>";
		};
		B961627824C78F7F00C51F36 /* Views */ = {
			isa = PBXGroup;
			children = (
				B961627924C78F9700C51F36 /* NavigationPrimary.swift */,
				B961627C24C7903100C51F36 /* NavigationDetail.swift */,
			);
			path = Views;
			sourceTree = "<group>";
		};
/* End PBXGroup section */

/* Begin PBXNativeTarget section */
		B961625924C7836900C51F36 /* Tree (iOS) */ = {
			isa = PBXNativeTarget;
			buildConfigurationList = B961626E24C7836900C51F36 /* Build configuration list for PBXNativeTarget "Tree (iOS)" */;
			buildPhases = (
				B961625624C7836900C51F36 /* Sources */,
				B961625724C7836900C51F36 /* Frameworks */,
				B961625824C7836900C51F36 /* Resources */,
			);
			buildRules = (
			);
			dependencies = (
			);
			name = "Tree (iOS)";
			productName = "Tree (iOS)";
			productReference = B961625A24C7836900C51F36 /* Tree.app */;
			productType = "com.apple.product-type.application";
		};
		B961626124C7836900C51F36 /* Tree (macOS) */ = {
			isa = PBXNativeTarget;
			buildConfigurationList = B961627124C7836900C51F36 /* Build configuration list for PBXNativeTarget "Tree (macOS)" */;
			buildPhases = (
				B961625E24C7836900C51F36 /* Sources */,
				B961625F24C7836900C51F36 /* Frameworks */,
				B961626024C7836900C51F36 /* Resources */,
			);
			buildRules = (
			);
			dependencies = (
			);
			name = "Tree (macOS)";
			productName = "Tree (macOS)";
			productReference = B961626224C7836900C51F36 /* Tree.app */;
			productType = "com.apple.product-type.application";
		};
/* End PBXNativeTarget section */

/* Begin PBXProject section */
		B961624E24C7836800C51F36 /* Project object */ = {
			isa = PBXProject;
			attributes = {
				LastSwiftUpdateCheck = 1200;
				LastUpgradeCheck = 1200;
				TargetAttributes = {
					B961625924C7836900C51F36 = {
						CreatedOnToolsVersion = 12.0;
					};
					B961626124C7836900C51F36 = {
						CreatedOnToolsVersion = 12.0;
					};
				};
			};
			buildConfigurationList = B961625124C7836800C51F36 /* Build configuration list for PBXProject "Tree" */;
			compatibilityVersion = "Xcode 9.3";
			developmentRegion = en;
			hasScannedForEncodings = 0;
			knownRegions = (
				en,
				Base,
			);
			mainGroup = B961624D24C7836800C51F36;
			productRefGroup = B961625B24C7836900C51F36 /* Products */;
			projectDirPath = "";
			projectRoot = "";
			targets = (
				B961625924C7836900C51F36 /* Tree (iOS) */,
				B961626124C7836900C51F36 /* Tree (macOS) */,
			);
		};
/* End PBXProject section */

/* Begin PBXResourcesBuildPhase section */
		B961625824C7836900C51F36 /* Resources */ = {
			isa = PBXResourcesBuildPhase;
			buildActionMask = 2147483647;
			files = (
				B961626A24C7836900C51F36 /* Assets.xcassets in Resources */,
			);
			runOnlyForDeploymentPostprocessing = 0;
		};
		B961626024C7836900C51F36 /* Resources */ = {
			isa = PBXResourcesBuildPhase;
			buildActionMask = 2147483647;
			files = (
				B961626B24C7836900C51F36 /* Assets.xcassets in Resources */,
			);
			runOnlyForDeploymentPostprocessing = 0;
		};
/* End PBXResourcesBuildPhase section */

/* Begin PBXSourcesBuildPhase section */
		B961625624C7836900C51F36 /* Sources */ = {
			isa = PBXSourcesBuildPhase;
			buildActionMask = 2147483647;
			files = (
				B961627524C7837A00C51F36 /* Item.swift in Sources */,
				B961628024C791D200C51F36 /* ItemStore.swift in Sources */,
				B961627A24C78F9700C51F36 /* NavigationPrimary.swift in Sources */,
				B961626624C7836900C51F36 /* TreeApp.swift in Sources */,
				B961627D24C7903100C51F36 /* NavigationDetail.swift in Sources */,
			);
			runOnlyForDeploymentPostprocessing = 0;
		};
		B961625E24C7836900C51F36 /* Sources */ = {
			isa = PBXSourcesBuildPhase;
			buildActionMask = 2147483647;
			files = (
				B961627624C7837A00C51F36 /* Item.swift in Sources */,
				B961628124C791D200C51F36 /* ItemStore.swift in Sources */,
				B961627B24C78F9700C51F36 /* NavigationPrimary.swift in Sources */,
				B961626724C7836900C51F36 /* TreeApp.swift in Sources */,
				B961627E24C7903100C51F36 /* NavigationDetail.swift in Sources */,
			);
			runOnlyForDeploymentPostprocessing = 0;
		};
/* End PBXSourcesBuildPhase section */

/* Begin XCBuildConfiguration section */
		B961626C24C7836900C51F36 /* Debug */ = {
			isa = XCBuildConfiguration;
			buildSettings = {
				ALWAYS_SEARCH_USER_PATHS = NO;
				CLANG_ANALYZER_NONNULL = YES;
				CLANG_ANALYZER_NUMBER_OBJECT_CONVERSION = YES_AGGRESSIVE;
				CLANG_CXX_LANGUAGE_STANDARD = "gnu++14";
				CLANG_CXX_LIBRARY = "libc++";
				CLANG_ENABLE_MODULES = YES;
				CLANG_ENABLE_OBJC_ARC = YES;
				CLANG_ENABLE_OBJC_WEAK = YES;
				CLANG_WARN_BLOCK_CAPTURE_AUTORELEASING = YES;
				CLANG_WARN_BOOL_CONVERSION = YES;
				CLANG_WARN_COMMA = YES;
				CLANG_WARN_CONSTANT_CONVERSION = YES;
				CLANG_WARN_DEPRECATED_OBJC_IMPLEMENTATIONS = YES;
				CLANG_WARN_DIRECT_OBJC_ISA_USAGE = YES_ERROR;
				CLANG_WARN_DOCUMENTATION_COMMENTS = YES;
				CLANG_WARN_EMPTY_BODY = YES;
				CLANG_WARN_ENUM_CONVERSION = YES;
				CLANG_WARN_INFINITE_RECURSION = YES;
				CLANG_WARN_INT_CONVERSION = YES;
				CLANG_WARN_NON_LITERAL_NULL_CONVERSION = YES;
				CLANG_WARN_OBJC_IMPLICIT_RETAIN_SELF = YES;
				CLANG_WARN_OBJC_LITERAL_CONVERSION = YES;
				CLANG_WARN_OBJC_ROOT_CLASS = YES_ERROR;
				CLANG_WARN_QUOTED_INCLUDE_IN_FRAMEWORK_HEADER = YES;
				CLANG_WARN_RANGE_LOOP_ANALYSIS = YES;
				CLANG_WARN_STRICT_PROTOTYPES = YES;
				CLANG_WARN_SUSPICIOUS_MOVE = YES;
				CLANG_WARN_UNGUARDED_AVAILABILITY = YES_AGGRESSIVE;
				CLANG_WARN_UNREACHABLE_CODE = YES;
				CLANG_WARN__DUPLICATE_METHOD_MATCH = YES;
				COPY_PHASE_STRIP = NO;
				DEBUG_INFORMATION_FORMAT = dwarf;
				ENABLE_STRICT_OBJC_MSGSEND = YES;
				ENABLE_TESTABILITY = YES;
				GCC_C_LANGUAGE_STANDARD = gnu11;
				GCC_DYNAMIC_NO_PIC = NO;
				GCC_NO_COMMON_BLOCKS = YES;
				GCC_OPTIMIZATION_LEVEL = 0;
				GCC_PREPROCESSOR_DEFINITIONS = (
					"DEBUG=1",
					"$(inherited)",
				);
				GCC_WARN_64_TO_32_BIT_CONVERSION = YES;
				GCC_WARN_ABOUT_RETURN_TYPE = YES_ERROR;
				GCC_WARN_UNDECLARED_SELECTOR = YES;
				GCC_WARN_UNINITIALIZED_AUTOS = YES_AGGRESSIVE;
				GCC_WARN_UNUSED_FUNCTION = YES;
				GCC_WARN_UNUSED_VARIABLE = YES;
				MTL_ENABLE_DEBUG_INFO = INCLUDE_SOURCE;
				MTL_FAST_MATH = YES;
				ONLY_ACTIVE_ARCH = YES;
				SWIFT_ACTIVE_COMPILATION_CONDITIONS = DEBUG;
				SWIFT_OPTIMIZATION_LEVEL = "-Onone";
			};
			name = Debug;
		};
		B961626D24C7836900C51F36 /* Release */ = {
			isa = XCBuildConfiguration;
			buildSettings = {
				ALWAYS_SEARCH_USER_PATHS = NO;
				CLANG_ANALYZER_NONNULL = YES;
				CLANG_ANALYZER_NUMBER_OBJECT_CONVERSION = YES_AGGRESSIVE;
				CLANG_CXX_LANGUAGE_STANDARD = "gnu++14";
				CLANG_CXX_LIBRARY = "libc++";
				CLANG_ENABLE_MODULES = YES;
				CLANG_ENABLE_OBJC_ARC = YES;
				CLANG_ENABLE_OBJC_WEAK = YES;
				CLANG_WARN_BLOCK_CAPTURE_AUTORELEASING = YES;
				CLANG_WARN_BOOL_CONVERSION = YES;
				CLANG_WARN_COMMA = YES;
				CLANG_WARN_CONSTANT_CONVERSION = YES;
				CLANG_WARN_DEPRECATED_OBJC_IMPLEMENTATIONS = YES;
				CLANG_WARN_DIRECT_OBJC_ISA_USAGE = YES_ERROR;
				CLANG_WARN_DOCUMENTATION_COMMENTS = YES;
				CLANG_WARN_EMPTY_BODY = YES;
				CLANG_WARN_ENUM_CONVERSION = YES;
				CLANG_WARN_INFINITE_RECURSION = YES;
				CLANG_WARN_INT_CONVERSION = YES;
				CLANG_WARN_NON_LITERAL_NULL_CONVERSION = YES;
				CLANG_WARN_OBJC_IMPLICIT_RETAIN_SELF = YES;
				CLANG_WARN_OBJC_LITERAL_CONVERSION = YES;
				CLANG_WARN_OBJC_ROOT_CLASS = YES_ERROR;
				CLANG_WARN_QUOTED_INCLUDE_IN_FRAMEWORK_HEADER = YES;
				CLANG_WARN_RANGE_LOOP_ANALYSIS = YES;
				CLANG_WARN_STRICT_PROTOTYPES = YES;
				CLANG_WARN_SUSPICIOUS_MOVE = YES;
				CLANG_WARN_UNGUARDED_AVAILABILITY = YES_AGGRESSIVE;
				CLANG_WARN_UNREACHABLE_CODE = YES;
				CLANG_WARN__DUPLICATE_METHOD_MATCH = YES;
				COPY_PHASE_STRIP = NO;
				DEBUG_INFORMATION_FORMAT = "dwarf-with-dsym";
				ENABLE_NS_ASSERTIONS = NO;
				ENABLE_STRICT_OBJC_MSGSEND = YES;
				GCC_C_LANGUAGE_STANDARD = gnu11;
				GCC_NO_COMMON_BLOCKS = YES;
				GCC_WARN_64_TO_32_BIT_CONVERSION = YES;
				GCC_WARN_ABOUT_RETURN_TYPE = YES_ERROR;
				GCC_WARN_UNDECLARED_SELECTOR = YES;
				GCC_WARN_UNINITIALIZED_AUTOS = YES_AGGRESSIVE;
				GCC_WARN_UNUSED_FUNCTION = YES;
				GCC_WARN_UNUSED_VARIABLE = YES;
				MTL_ENABLE_DEBUG_INFO = NO;
				MTL_FAST_MATH = YES;
				SWIFT_COMPILATION_MODE = wholemodule;
				SWIFT_OPTIMIZATION_LEVEL = "-O";
			};
			name = Release;
		};
		B961626F24C7836900C51F36 /* Debug */ = {
			isa = XCBuildConfiguration;
			buildSettings = {
				ASSETCATALOG_COMPILER_APPICON_NAME = AppIcon;
				ASSETCATALOG_COMPILER_GLOBAL_ACCENT_COLOR_NAME = AccentColor;
				CODE_SIGN_STYLE = Automatic;
				ENABLE_PREVIEWS = YES;
				INFOPLIST_FILE = iOS/Info.plist;
				IPHONEOS_DEPLOYMENT_TARGET = 14.0;
				LD_RUNPATH_SEARCH_PATHS = (
					"$(inherited)",
					"@executable_path/Frameworks",
				);
				PRODUCT_BUNDLE_IDENTIFIER = de.crelies.Tree;
				PRODUCT_NAME = Tree;
				SDKROOT = iphoneos;
				SWIFT_VERSION = 5.0;
				TARGETED_DEVICE_FAMILY = "1,2";
			};
			name = Debug;
		};
		B961627024C7836900C51F36 /* Release */ = {
			isa = XCBuildConfiguration;
			buildSettings = {
				ASSETCATALOG_COMPILER_APPICON_NAME = AppIcon;
				ASSETCATALOG_COMPILER_GLOBAL_ACCENT_COLOR_NAME = AccentColor;
				CODE_SIGN_STYLE = Automatic;
				ENABLE_PREVIEWS = YES;
				INFOPLIST_FILE = iOS/Info.plist;
				IPHONEOS_DEPLOYMENT_TARGET = 14.0;
				LD_RUNPATH_SEARCH_PATHS = (
					"$(inherited)",
					"@executable_path/Frameworks",
				);
				PRODUCT_BUNDLE_IDENTIFIER = de.crelies.Tree;
				PRODUCT_NAME = Tree;
				SDKROOT = iphoneos;
				SWIFT_VERSION = 5.0;
				TARGETED_DEVICE_FAMILY = "1,2";
				VALIDATE_PRODUCT = YES;
			};
			name = Release;
		};
		B961627224C7836900C51F36 /* Debug */ = {
			isa = XCBuildConfiguration;
			buildSettings = {
				ASSETCATALOG_COMPILER_APPICON_NAME = AppIcon;
				ASSETCATALOG_COMPILER_GLOBAL_ACCENT_COLOR_NAME = AccentColor;
				CODE_SIGN_ENTITLEMENTS = macOS/macOS.entitlements;
				CODE_SIGN_STYLE = Automatic;
				COMBINE_HIDPI_IMAGES = YES;
				ENABLE_PREVIEWS = YES;
				INFOPLIST_FILE = macOS/Info.plist;
				LD_RUNPATH_SEARCH_PATHS = (
					"$(inherited)",
					"@executable_path/../Frameworks",
				);
				MACOSX_DEPLOYMENT_TARGET = 10.16;
				PRODUCT_BUNDLE_IDENTIFIER = de.crelies.Tree;
				PRODUCT_NAME = Tree;
				SDKROOT = macosx;
				SWIFT_VERSION = 5.0;
			};
			name = Debug;
		};
		B961627324C7836900C51F36 /* Release */ = {
			isa = XCBuildConfiguration;
			buildSettings = {
				ASSETCATALOG_COMPILER_APPICON_NAME = AppIcon;
				ASSETCATALOG_COMPILER_GLOBAL_ACCENT_COLOR_NAME = AccentColor;
				CODE_SIGN_ENTITLEMENTS = macOS/macOS.entitlements;
				CODE_SIGN_STYLE = Automatic;
				COMBINE_HIDPI_IMAGES = YES;
				ENABLE_PREVIEWS = YES;
				INFOPLIST_FILE = macOS/Info.plist;
				LD_RUNPATH_SEARCH_PATHS = (
					"$(inherited)",
					"@executable_path/../Frameworks",
				);
				MACOSX_DEPLOYMENT_TARGET = 10.16;
				PRODUCT_BUNDLE_IDENTIFIER = de.crelies.Tree;
				PRODUCT_NAME = Tree;
				SDKROOT = macosx;
				SWIFT_VERSION = 5.0;
			};
			name = Release;
		};
/* End XCBuildConfiguration section */

/* Begin XCConfigurationList section */
		B961625124C7836800C51F36 /* Build configuration list for PBXProject "Tree" */ = {
			isa = XCConfigurationList;
			buildConfigurations = (
				B961626C24C7836900C51F36 /* Debug */,
				B961626D24C7836900C51F36 /* Release */,
			);
			defaultConfigurationIsVisible = 0;
			defaultConfigurationName = Release;
		};
		B961626E24C7836900C51F36 /* Build configuration list for PBXNativeTarget "Tree (iOS)" */ = {
			isa = XCConfigurationList;
			buildConfigurations = (
				B961626F24C7836900C51F36 /* Debug */,
				B961627024C7836900C51F36 /* Release */,
			);
			defaultConfigurationIsVisible = 0;
			defaultConfigurationName = Release;
		};
		B961627124C7836900C51F36 /* Build configuration list for PBXNativeTarget "Tree (macOS)" */ = {
			isa = XCConfigurationList;
			buildConfigurations = (
				B961627224C7836900C51F36 /* Debug */,
				B961627324C7836900C51F36 /* Release */,
			);
			defaultConfigurationIsVisible = 0;
			defaultConfigurationName = Release;
		};
/* End XCConfigurationList section */
	};
	rootObject = B961624E24C7836800C51F36 /* Project object */;
}
